
Microsoft Visual Studio Solution File, Format Version 12.00
# Visual Studio Version 17
VisualStudioVersion = 17.5.33424.131
MinimumVisualStudioVersion = 10.0.40219.1
Project("{9A19103F-16F7-4668-BE54-9A1E7A4F7556}") = "BasketApi", "BasketApi.csproj", "{CFA715AF-356D-4983-B797-701176FC64BB}"
EndProject
Project("{FAE04EC0-301F-11D3-BF4B-00C04F79EFBC}") = "IntegrationTests", "..\IntegrationTests\IntegrationTests.csproj", "{77C75E24-3604-443E-BAD4-52CC59653B48}"
EndProject
Global
	GlobalSection(SolutionConfigurationPlatforms) = preSolution
		Debug|Any CPU = Debug|Any CPU
		Debug|x64 = Debug|x64
		Release|Any CPU = Release|Any CPU
		Release|x64 = Release|x64
	EndGlobalSection
	GlobalSection(ProjectConfigurationPlatforms) = postSolution
		{CFA715AF-356D-4983-B797-701176FC64BB}.Debug|Any CPU.ActiveCfg = Debug|Any CPU
		{CFA715AF-356D-4983-B797-701176FC64BB}.Debug|Any CPU.Build.0 = Debug|Any CPU
		{CFA715AF-356D-4983-B797-701176FC64BB}.Debug|x64.ActiveCfg = Debug|x64
		{CFA715AF-356D-4983-B797-701176FC64BB}.Debug|x64.Build.0 = Debug|x64
		{CFA715AF-356D-4983-B797-701176FC64BB}.Release|Any CPU.ActiveCfg = Release|Any CPU
		{CFA715AF-356D-4983-B797-701176FC64BB}.Release|Any CPU.Build.0 = Release|Any CPU
		{CFA715AF-356D-4983-B797-701176FC64BB}.Release|x64.ActiveCfg = Release|x64
		{CFA715AF-356D-4983-B797-701176FC64BB}.Release|x64.Build.0 = Release|x64
		{77C75E24-3604-443E-BAD4-52CC59653B48}.Debug|Any CPU.ActiveCfg = Debug|Any CPU
		{77C75E24-3604-443E-BAD4-52CC59653B48}.Debug|Any CPU.Build.0 = Debug|Any CPU
		{77C75E24-3604-443E-BAD4-52CC59653B48}.Debug|x64.ActiveCfg = Debug|Any CPU
		{77C75E24-3604-443E-BAD4-52CC59653B48}.Debug|x64.Build.0 = Debug|Any CPU
		{77C75E24-3604-443E-BAD4-52CC59653B48}.Release|Any CPU.ActiveCfg = Release|Any CPU
		{77C75E24-3604-443E-BAD4-52CC59653B48}.Release|Any CPU.Build.0 = Release|Any CPU
		{77C75E24-3604-443E-BAD4-52CC59653B48}.Release|x64.ActiveCfg = Release|Any CPU
		{77C75E24-3604-443E-BAD4-52CC59653B48}.Release|x64.Build.0 = Release|Any CPU
	EndGlobalSection
	GlobalSection(SolutionProperties) = preSolution
		HideSolutionNode = FALSE
	EndGlobalSection
	GlobalSection(ExtensibilityGlobals) = postSolution
		SolutionGuid = {E610F6B3-9DF7-46C9-96E7-05463A678A5B}
	EndGlobalSection
EndGlobal
